// !$*UTF8*$!
{
	archiveVersion = 1;
	classes = {
	};
	objectVersion = 77;
	objects = {

/* Begin PBXBuildFile section */
		03660B3E8AEF927A3DD4B435 /* MockURLProtocol.swift in Sources */ = {isa = PBXBuildFile; fileRef = BD725F36267A1AEF24F3ADCF /* MockURLProtocol.swift */; };
		0A2AB8F05F5B1429CA895C1C /* WidgetViews.swift in Sources */ = {isa = PBXBuildFile; fileRef = AADA60A57310D314E559746A /* WidgetViews.swift */; };
		0A960C72D81C427E7A7AFCEA /* UserProfile.swift in Sources */ = {isa = PBXBuildFile; fileRef = 978492C53A4CF11DAE76BDEB /* UserProfile.swift */; };
		0CD3CF219E992BE637C09939 /* SharedAssets.xcassets in Resources */ = {isa = PBXBuildFile; fileRef = 790280535BDF4EA5FB1DAF03 /* SharedAssets.xcassets */; };
		15AD69117D0671250AA04FF1 /* HeatmapGridView.swift in Sources */ = {isa = PBXBuildFile; fileRef = 618BB55A3DD1ED16EBDAC152 /* HeatmapGridView.swift */; };
		180CA55704A4F1441AC0288E /* WidgetFetcher.swift in Sources */ = {isa = PBXBuildFile; fileRef = F169B7529278FB7F054BD367 /* WidgetFetcher.swift */; };
		18D1E0D81A1B59DEF4EB7955 /* AppGroup.swift in Sources */ = {isa = PBXBuildFile; fileRef = 42D745303C32094A541A27A4 /* AppGroup.swift */; };
		1A0B262BE95875F8A97DE686 /* SubmissionsViewModelTests.swift in Sources */ = {isa = PBXBuildFile; fileRef = 9C4C19AC87A567787317A0FE /* SubmissionsViewModelTests.swift */; };
		1AB08FABA4780B9F5B947955 /* LeetCodeServiceProtocol.swift in Sources */ = {isa = PBXBuildFile; fileRef = BFB141D4B1A6D8AF6CD51774 /* LeetCodeServiceProtocol.swift */; };
		239FC7A6D1E1BA1578BAF5B5 /* SkillsView.swift in Sources */ = {isa = PBXBuildFile; fileRef = 0CD1EA93B40F3BEFEFFE6591 /* SkillsView.swift */; };
		23A3FCB6DE3D5A1B03D28291 /* LeetCodeLyticsWidget.appex in Embed Foundation Extensions */ = {isa = PBXBuildFile; fileRef = 16E8AC80A216399551C429C5 /* LeetCodeLyticsWidget.appex */; settings = {ATTRIBUTES = (RemoveHeadersOnCopy, ); }; };
		370278EAEEF9C8C954AAD9D5 /* CacheService.swift in Sources */ = {isa = PBXBuildFile; fileRef = 604ED9B40827E40C1293A725 /* CacheService.swift */; };
		374BAD2284E978AD0F0DF276 /* StreakData.swift in Sources */ = {isa = PBXBuildFile; fileRef = 114FBE444C138C0AA60ED04F /* StreakData.swift */; };
		402BC5C80F413D669749CF63 /* ProfileHeaderView.swift in Sources */ = {isa = PBXBuildFile; fileRef = 9D980A3C4B9016AFD6FF0571 /* ProfileHeaderView.swift */; };
		47AC2A9B64A732A45860E92B /* Provider.swift in Sources */ = {isa = PBXBuildFile; fileRef = 6F5B3AB78F430D1F1084BA64 /* Provider.swift */; };
		551CA87E042FFFA67A03A8AC /* InfoPlistTests.swift in Sources */ = {isa = PBXBuildFile; fileRef = 2EF396D6B7807A436FC8F31F /* InfoPlistTests.swift */; };
		5F6DFE9D52D8F0D8DC5E7B02 /* ColorExtension.swift in Sources */ = {isa = PBXBuildFile; fileRef = D12761C3A55B50E41ABE7C86 /* ColorExtension.swift */; };
		5F9CD1FA3A5C3F3A438C6A65 /* ContentView.swift in Sources */ = {isa = PBXBuildFile; fileRef = 985151837D8C869E394F8C49 /* ContentView.swift */; };
		5FBDFB1DB417E89D714535E7 /* LeetCodeServiceExecuteTests.swift in Sources */ = {isa = PBXBuildFile; fileRef = E2105C633CA3926840004D07 /* LeetCodeServiceExecuteTests.swift */; };
		6775663F3B3A7F20ED30562E /* StreakCalculator.swift in Sources */ = {isa = PBXBuildFile; fileRef = 9984A531A90ADCAFD149E62B /* StreakCalculator.swift */; };
		6F7C7F242359D5758FF0C059 /* StreakCalculatorTests.swift in Sources */ = {isa = PBXBuildFile; fileRef = 213A365B6947F6A26B7D3CE2 /* StreakCalculatorTests.swift */; };
		70F362FF25A2848C4FACA8ED /* SubmissionsViewModel.swift in Sources */ = {isa = PBXBuildFile; fileRef = 29ED7F611F6F56F74A131043 /* SubmissionsViewModel.swift */; };
		798A4E4C26162BEACE3680E1 /* MemoryLeakTests.swift in Sources */ = {isa = PBXBuildFile; fileRef = 7FA99A1BC43AD2CB59F567B1 /* MemoryLeakTests.swift */; };
		7D3C0644CF63753FCE2E1FEE /* SubmissionsView.swift in Sources */ = {isa = PBXBuildFile; fileRef = CCBC3F9BDD59DCCF39A14E5F /* SubmissionsView.swift */; };
		7DCEB6A2B97CFDCF276F3D34 /* SkillsViewModel.swift in Sources */ = {isa = PBXBuildFile; fileRef = C0CEF701BD6752171DA05E33 /* SkillsViewModel.swift */; };
		8529C3B9BAD8B7A9F1544C15 /* WidgetKit.framework in Frameworks */ = {isa = PBXBuildFile; fileRef = C3267095FFEA4DD1F5EC8081 /* WidgetKit.framework */; };
		8681BB1E1CAF54C07B536A19 /* WidgetData.swift in Sources */ = {isa = PBXBuildFile; fileRef = DE6F9714FC7B58DC90A0DA19 /* WidgetData.swift */; };
		870B08BFF737C2CDE26BCB5E /* LeetCodeLyticsWidget.swift in Sources */ = {isa = PBXBuildFile; fileRef = B7B221AD80EEB4C9064AFA41 /* LeetCodeLyticsWidget.swift */; };
		96943546E97FF93AEF546E39 /* WidgetDataTests.swift in Sources */ = {isa = PBXBuildFile; fileRef = FD630E4D23A7F1A8C8BC67FA /* WidgetDataTests.swift */; };
		9BB474E988D378A516907A2C /* LanguageStats.swift in Sources */ = {isa = PBXBuildFile; fileRef = 7B2528FC72FE6E19DFC96FED /* LanguageStats.swift */; };
		9F49B1204302688D427F5780 /* DashboardViewModelTests.swift in Sources */ = {isa = PBXBuildFile; fileRef = 5ACB8C87B69AE247B714A33C /* DashboardViewModelTests.swift */; };
		A46E586A7B8303F347E52C17 /* SubmissionCalendar.swift in Sources */ = {isa = PBXBuildFile; fileRef = BA718B05A3B185F993F20499 /* SubmissionCalendar.swift */; };
		A9A07119885B2529EB55C277 /* SubmissionCalendar.swift in Sources */ = {isa = PBXBuildFile; fileRef = BA718B05A3B185F993F20499 /* SubmissionCalendar.swift */; };
		AF0B6489CA845FD233673A73 /* StreakCard.swift in Sources */ = {isa = PBXBuildFile; fileRef = C27C91695A5C4F1B8098B700 /* StreakCard.swift */; };
		AF848C91ED5011CA2B87CC98 /* ColorExtension.swift in Sources */ = {isa = PBXBuildFile; fileRef = D12761C3A55B50E41ABE7C86 /* ColorExtension.swift */; };
		B0EB9462C9741F903B0D38DC /* SkillsViewModelTests.swift in Sources */ = {isa = PBXBuildFile; fileRef = 1E7909EDD5AC67B42051262F /* SkillsViewModelTests.swift */; };
		B25134BD1F09C61CE4EC9333 /* ProblemStatsCard.swift in Sources */ = {isa = PBXBuildFile; fileRef = 03FE75760822B6EE4A23B6B4 /* ProblemStatsCard.swift */; };
		B99EF1B70B71573979BEA00B /* LeetCodeLyticsApp.swift in Sources */ = {isa = PBXBuildFile; fileRef = 4F5737B1A9BE662B31710637 /* LeetCodeLyticsApp.swift */; };
		BA19319DE46C54914D01FAEB /* SharedAssets.xcassets in Resources */ = {isa = PBXBuildFile; fileRef = 790280535BDF4EA5FB1DAF03 /* SharedAssets.xcassets */; };
		BA6755F80E1EEDAF4A9A41C2 /* SettingsView.swift in Sources */ = {isa = PBXBuildFile; fileRef = 7FFFEB249A0448DA815D090D /* SettingsView.swift */; };
		BB249EBB1603BEAD119E19C5 /* StreakCalculator.swift in Sources */ = {isa = PBXBuildFile; fileRef = 9984A531A90ADCAFD149E62B /* StreakCalculator.swift */; };
		C09E36F997EF804513873D82 /* AcceptanceRateView.swift in Sources */ = {isa = PBXBuildFile; fileRef = 75D78A30AFB4D4823052140F /* AcceptanceRateView.swift */; };
		C32138BCEAD817DD072A8CFF /* WidgetKit.framework in Frameworks */ = {isa = PBXBuildFile; fileRef = C3267095FFEA4DD1F5EC8081 /* WidgetKit.framework */; };
		C4112AB635FD56F134573910 /* SubmissionCalendarTests.swift in Sources */ = {isa = PBXBuildFile; fileRef = F438D4D1ABA42D71A437279D /* SubmissionCalendarTests.swift */; };
		CBADC14635EB9B838B4F7FD1 /* CacheServiceTests.swift in Sources */ = {isa = PBXBuildFile; fileRef = EB8C2F0D8BA25C6813291FA6 /* CacheServiceTests.swift */; };
		D7AF01E816776FE2812C3C3E /* DashboardView.swift in Sources */ = {isa = PBXBuildFile; fileRef = 5586271513FCF8E48B7683D5 /* DashboardView.swift */; };
		DCB75E1FE0296DD1E0714928 /* LeetCodeService.swift in Sources */ = {isa = PBXBuildFile; fileRef = 0846E96775F74E82CC9F504A /* LeetCodeService.swift */; };
		DE493B2F299518150E9BE7CE /* ModelDecodeTests.swift in Sources */ = {isa = PBXBuildFile; fileRef = 7712A1E2D71F2AD5694FD624 /* ModelDecodeTests.swift */; };
		E827EF765786C7FDC42762A3 /* MockLeetCodeService.swift in Sources */ = {isa = PBXBuildFile; fileRef = FD5EE5CA3A07A94EC5DF7F81 /* MockLeetCodeService.swift */; };
		EB8DCA0747E14F760E835FCE /* DashboardViewModel.swift in Sources */ = {isa = PBXBuildFile; fileRef = FA312EF7A00BA6F40AE8F712 /* DashboardViewModel.swift */; };
		EDADA1617D66437B7BFD83B7 /* UsernameInputView.swift in Sources */ = {isa = PBXBuildFile; fileRef = 4CB6CE1D675F3335287CB387 /* UsernameInputView.swift */; };
		EEEC76DAE5CFBB64A345A1C8 /* WidgetData.swift in Sources */ = {isa = PBXBuildFile; fileRef = DE6F9714FC7B58DC90A0DA19 /* WidgetData.swift */; };
		EF419B243A36E0C7E60BFA35 /* RecentSubmission.swift in Sources */ = {isa = PBXBuildFile; fileRef = 2EFF6655AA59550F7AD5EF5A /* RecentSubmission.swift */; };
		F28D282DE807B68CA4825826 /* SwiftUI.framework in Frameworks */ = {isa = PBXBuildFile; fileRef = 23FDB83AAE432C575DF495C6 /* SwiftUI.framework */; };
		F7C72691EEA8F62DAC275661 /* Assets.xcassets in Resources */ = {isa = PBXBuildFile; fileRef = 60CF14E502F59D834FFCE0CA /* Assets.xcassets */; };
/* End PBXBuildFile section */

/* Begin PBXContainerItemProxy section */
		1DB0561265D45F933B041F90 /* PBXContainerItemProxy */ = {
			isa = PBXContainerItemProxy;
			containerPortal = 650B9E59F290B63B9CE60569 /* Project object */;
			proxyType = 1;
			remoteGlobalIDString = E1382454C901CB31E161BBD4;
			remoteInfo = LeetCodeLyticsWidget;
		};
		B392DDBB6CA0FF44AE26BC69 /* PBXContainerItemProxy */ = {
			isa = PBXContainerItemProxy;
			containerPortal = 650B9E59F290B63B9CE60569 /* Project object */;
			proxyType = 1;
			remoteGlobalIDString = F3D565F3E8A5C72472135CC4;
			remoteInfo = LeetCodeLytics;
		};
/* End PBXContainerItemProxy section */

/* Begin PBXCopyFilesBuildPhase section */
		B255DEECFD3396EBCDBE5C2D /* Embed Foundation Extensions */ = {
			isa = PBXCopyFilesBuildPhase;
			buildActionMask = 2147483647;
			dstPath = "";
			dstSubfolderSpec = 13;
			files = (
				23A3FCB6DE3D5A1B03D28291 /* LeetCodeLyticsWidget.appex in Embed Foundation Extensions */,
			);
			name = "Embed Foundation Extensions";
			runOnlyForDeploymentPostprocessing = 0;
		};
/* End PBXCopyFilesBuildPhase section */

/* Begin PBXFileReference section */
		03FE75760822B6EE4A23B6B4 /* ProblemStatsCard.swift */ = {isa = PBXFileReference; lastKnownFileType = sourcecode.swift; path = ProblemStatsCard.swift; sourceTree = "<group>"; };
		0846E96775F74E82CC9F504A /* LeetCodeService.swift */ = {isa = PBXFileReference; lastKnownFileType = sourcecode.swift; path = LeetCodeService.swift; sourceTree = "<group>"; };
		0CD1EA93B40F3BEFEFFE6591 /* SkillsView.swift */ = {isa = PBXFileReference; lastKnownFileType = sourcecode.swift; path = SkillsView.swift; sourceTree = "<group>"; };
		114FBE444C138C0AA60ED04F /* StreakData.swift */ = {isa = PBXFileReference; lastKnownFileType = sourcecode.swift; path = StreakData.swift; sourceTree = "<group>"; };
		139A2E343CA16683AB177C86 /* LeetCodeLyticsWidget.entitlements */ = {isa = PBXFileReference; lastKnownFileType = text.plist.entitlements; path = LeetCodeLyticsWidget.entitlements; sourceTree = "<group>"; };
		16E8AC80A216399551C429C5 /* LeetCodeLyticsWidget.appex */ = {isa = PBXFileReference; includeInIndex = 0; lastKnownFileType = "wrapper.app-extension"; path = LeetCodeLyticsWidget.appex; sourceTree = BUILT_PRODUCTS_DIR; };
		1CEDC8F6A9466BE9C64DB2F6 /* Info.plist */ = {isa = PBXFileReference; lastKnownFileType = text.plist; path = Info.plist; sourceTree = "<group>"; };
		1E7909EDD5AC67B42051262F /* SkillsViewModelTests.swift */ = {isa = PBXFileReference; lastKnownFileType = sourcecode.swift; path = SkillsViewModelTests.swift; sourceTree = "<group>"; };
		213A365B6947F6A26B7D3CE2 /* StreakCalculatorTests.swift */ = {isa = PBXFileReference; lastKnownFileType = sourcecode.swift; path = StreakCalculatorTests.swift; sourceTree = "<group>"; };
		23FDB83AAE432C575DF495C6 /* SwiftUI.framework */ = {isa = PBXFileReference; lastKnownFileType = wrapper.framework; name = SwiftUI.framework; path = System/Library/Frameworks/SwiftUI.framework; sourceTree = SDKROOT; };
		29ED7F611F6F56F74A131043 /* SubmissionsViewModel.swift */ = {isa = PBXFileReference; lastKnownFileType = sourcecode.swift; path = SubmissionsViewModel.swift; sourceTree = "<group>"; };
		2EF396D6B7807A436FC8F31F /* InfoPlistTests.swift */ = {isa = PBXFileReference; lastKnownFileType = sourcecode.swift; path = InfoPlistTests.swift; sourceTree = "<group>"; };
		2EFF6655AA59550F7AD5EF5A /* RecentSubmission.swift */ = {isa = PBXFileReference; lastKnownFileType = sourcecode.swift; path = RecentSubmission.swift; sourceTree = "<group>"; };
		42D745303C32094A541A27A4 /* AppGroup.swift */ = {isa = PBXFileReference; lastKnownFileType = sourcecode.swift; path = AppGroup.swift; sourceTree = "<group>"; };
		4CB6CE1D675F3335287CB387 /* UsernameInputView.swift */ = {isa = PBXFileReference; lastKnownFileType = sourcecode.swift; path = UsernameInputView.swift; sourceTree = "<group>"; };
		4F5737B1A9BE662B31710637 /* LeetCodeLyticsApp.swift */ = {isa = PBXFileReference; lastKnownFileType = sourcecode.swift; path = LeetCodeLyticsApp.swift; sourceTree = "<group>"; };
		5586271513FCF8E48B7683D5 /* DashboardView.swift */ = {isa = PBXFileReference; lastKnownFileType = sourcecode.swift; path = DashboardView.swift; sourceTree = "<group>"; };
		5ACB8C87B69AE247B714A33C /* DashboardViewModelTests.swift */ = {isa = PBXFileReference; lastKnownFileType = sourcecode.swift; path = DashboardViewModelTests.swift; sourceTree = "<group>"; };
		604ED9B40827E40C1293A725 /* CacheService.swift */ = {isa = PBXFileReference; lastKnownFileType = sourcecode.swift; path = CacheService.swift; sourceTree = "<group>"; };
		60CF14E502F59D834FFCE0CA /* Assets.xcassets */ = {isa = PBXFileReference; lastKnownFileType = folder.assetcatalog; path = Assets.xcassets; sourceTree = "<group>"; };
		618BB55A3DD1ED16EBDAC152 /* HeatmapGridView.swift */ = {isa = PBXFileReference; lastKnownFileType = sourcecode.swift; path = HeatmapGridView.swift; sourceTree = "<group>"; };
		6F5B3AB78F430D1F1084BA64 /* Provider.swift */ = {isa = PBXFileReference; lastKnownFileType = sourcecode.swift; path = Provider.swift; sourceTree = "<group>"; };
		75D78A30AFB4D4823052140F /* AcceptanceRateView.swift */ = {isa = PBXFileReference; lastKnownFileType = sourcecode.swift; path = AcceptanceRateView.swift; sourceTree = "<group>"; };
		7712A1E2D71F2AD5694FD624 /* ModelDecodeTests.swift */ = {isa = PBXFileReference; lastKnownFileType = sourcecode.swift; path = ModelDecodeTests.swift; sourceTree = "<group>"; };
		790280535BDF4EA5FB1DAF03 /* SharedAssets.xcassets */ = {isa = PBXFileReference; lastKnownFileType = folder.assetcatalog; path = SharedAssets.xcassets; sourceTree = "<group>"; };
		7B2528FC72FE6E19DFC96FED /* LanguageStats.swift */ = {isa = PBXFileReference; lastKnownFileType = sourcecode.swift; path = LanguageStats.swift; sourceTree = "<group>"; };
		7E30AF26D5DAA1C80B4F9F27 /* LeetCodeLytics.entitlements */ = {isa = PBXFileReference; lastKnownFileType = text.plist.entitlements; path = LeetCodeLytics.entitlements; sourceTree = "<group>"; };
		7FA99A1BC43AD2CB59F567B1 /* MemoryLeakTests.swift */ = {isa = PBXFileReference; lastKnownFileType = sourcecode.swift; path = MemoryLeakTests.swift; sourceTree = "<group>"; };
		7FFFEB249A0448DA815D090D /* SettingsView.swift */ = {isa = PBXFileReference; lastKnownFileType = sourcecode.swift; path = SettingsView.swift; sourceTree = "<group>"; };
		8091B3758F01D00F081CE0AE /* LeetCodeLytics.app */ = {isa = PBXFileReference; includeInIndex = 0; lastKnownFileType = wrapper.application; path = LeetCodeLytics.app; sourceTree = BUILT_PRODUCTS_DIR; };
		978492C53A4CF11DAE76BDEB /* UserProfile.swift */ = {isa = PBXFileReference; lastKnownFileType = sourcecode.swift; path = UserProfile.swift; sourceTree = "<group>"; };
		985151837D8C869E394F8C49 /* ContentView.swift */ = {isa = PBXFileReference; lastKnownFileType = sourcecode.swift; path = ContentView.swift; sourceTree = "<group>"; };
		9984A531A90ADCAFD149E62B /* StreakCalculator.swift */ = {isa = PBXFileReference; lastKnownFileType = sourcecode.swift; path = StreakCalculator.swift; sourceTree = "<group>"; };
		9C4C19AC87A567787317A0FE /* SubmissionsViewModelTests.swift */ = {isa = PBXFileReference; lastKnownFileType = sourcecode.swift; path = SubmissionsViewModelTests.swift; sourceTree = "<group>"; };
		9D980A3C4B9016AFD6FF0571 /* ProfileHeaderView.swift */ = {isa = PBXFileReference; lastKnownFileType = sourcecode.swift; path = ProfileHeaderView.swift; sourceTree = "<group>"; };
		AADA60A57310D314E559746A /* WidgetViews.swift */ = {isa = PBXFileReference; lastKnownFileType = sourcecode.swift; path = WidgetViews.swift; sourceTree = "<group>"; };
		B2A23A40A2EFDC1BBFFEE140 /* Info.plist */ = {isa = PBXFileReference; lastKnownFileType = text.plist; path = Info.plist; sourceTree = "<group>"; };
		B30AAB5A2E0857B89ECF1D35 /* LeetCodeLyticsTests.xctest */ = {isa = PBXFileReference; includeInIndex = 0; lastKnownFileType = wrapper.cfbundle; path = LeetCodeLyticsTests.xctest; sourceTree = BUILT_PRODUCTS_DIR; };
		B7B221AD80EEB4C9064AFA41 /* LeetCodeLyticsWidget.swift */ = {isa = PBXFileReference; lastKnownFileType = sourcecode.swift; path = LeetCodeLyticsWidget.swift; sourceTree = "<group>"; };
		BA718B05A3B185F993F20499 /* SubmissionCalendar.swift */ = {isa = PBXFileReference; lastKnownFileType = sourcecode.swift; path = SubmissionCalendar.swift; sourceTree = "<group>"; };
		BD725F36267A1AEF24F3ADCF /* MockURLProtocol.swift */ = {isa = PBXFileReference; lastKnownFileType = sourcecode.swift; path = MockURLProtocol.swift; sourceTree = "<group>"; };
		BFB141D4B1A6D8AF6CD51774 /* LeetCodeServiceProtocol.swift */ = {isa = PBXFileReference; lastKnownFileType = sourcecode.swift; path = LeetCodeServiceProtocol.swift; sourceTree = "<group>"; };
		C0CEF701BD6752171DA05E33 /* SkillsViewModel.swift */ = {isa = PBXFileReference; lastKnownFileType = sourcecode.swift; path = SkillsViewModel.swift; sourceTree = "<group>"; };
		C27C91695A5C4F1B8098B700 /* StreakCard.swift */ = {isa = PBXFileReference; lastKnownFileType = sourcecode.swift; path = StreakCard.swift; sourceTree = "<group>"; };
		C3267095FFEA4DD1F5EC8081 /* WidgetKit.framework */ = {isa = PBXFileReference; lastKnownFileType = wrapper.framework; name = WidgetKit.framework; path = System/Library/Frameworks/WidgetKit.framework; sourceTree = SDKROOT; };
		CCBC3F9BDD59DCCF39A14E5F /* SubmissionsView.swift */ = {isa = PBXFileReference; lastKnownFileType = sourcecode.swift; path = SubmissionsView.swift; sourceTree = "<group>"; };
		D12761C3A55B50E41ABE7C86 /* ColorExtension.swift */ = {isa = PBXFileReference; lastKnownFileType = sourcecode.swift; path = ColorExtension.swift; sourceTree = "<group>"; };
		DE6F9714FC7B58DC90A0DA19 /* WidgetData.swift */ = {isa = PBXFileReference; lastKnownFileType = sourcecode.swift; path = WidgetData.swift; sourceTree = "<group>"; };
		E2105C633CA3926840004D07 /* LeetCodeServiceExecuteTests.swift */ = {isa = PBXFileReference; lastKnownFileType = sourcecode.swift; path = LeetCodeServiceExecuteTests.swift; sourceTree = "<group>"; };
		EB8C2F0D8BA25C6813291FA6 /* CacheServiceTests.swift */ = {isa = PBXFileReference; lastKnownFileType = sourcecode.swift; path = CacheServiceTests.swift; sourceTree = "<group>"; };
		F169B7529278FB7F054BD367 /* WidgetFetcher.swift */ = {isa = PBXFileReference; lastKnownFileType = sourcecode.swift; path = WidgetFetcher.swift; sourceTree = "<group>"; };
		F438D4D1ABA42D71A437279D /* SubmissionCalendarTests.swift */ = {isa = PBXFileReference; lastKnownFileType = sourcecode.swift; path = SubmissionCalendarTests.swift; sourceTree = "<group>"; };
		FA312EF7A00BA6F40AE8F712 /* DashboardViewModel.swift */ = {isa = PBXFileReference; lastKnownFileType = sourcecode.swift; path = DashboardViewModel.swift; sourceTree = "<group>"; };
		FD5EE5CA3A07A94EC5DF7F81 /* MockLeetCodeService.swift */ = {isa = PBXFileReference; lastKnownFileType = sourcecode.swift; path = MockLeetCodeService.swift; sourceTree = "<group>"; };
		FD630E4D23A7F1A8C8BC67FA /* WidgetDataTests.swift */ = {isa = PBXFileReference; lastKnownFileType = sourcecode.swift; path = WidgetDataTests.swift; sourceTree = "<group>"; };
/* End PBXFileReference section */

/* Begin PBXFrameworksBuildPhase section */
		630E20A15A8C626052B8B411 /* Frameworks */ = {
			isa = PBXFrameworksBuildPhase;
			buildActionMask = 2147483647;
			files = (
				8529C3B9BAD8B7A9F1544C15 /* WidgetKit.framework in Frameworks */,
				F28D282DE807B68CA4825826 /* SwiftUI.framework in Frameworks */,
			);
			runOnlyForDeploymentPostprocessing = 0;
		};
		9F8E193836B8083C3EE0B120 /* Frameworks */ = {
			isa = PBXFrameworksBuildPhase;
			buildActionMask = 2147483647;
			files = (
				C32138BCEAD817DD072A8CFF /* WidgetKit.framework in Frameworks */,
			);
			runOnlyForDeploymentPostprocessing = 0;
		};
/* End PBXFrameworksBuildPhase section */

/* Begin PBXGroup section */
		1350C888682685E4B8A9ACD0 /* Dashboard */ = {
			isa = PBXGroup;
			children = (
				75D78A30AFB4D4823052140F /* AcceptanceRateView.swift */,
				5586271513FCF8E48B7683D5 /* DashboardView.swift */,
				03FE75760822B6EE4A23B6B4 /* ProblemStatsCard.swift */,
				9D980A3C4B9016AFD6FF0571 /* ProfileHeaderView.swift */,
				C27C91695A5C4F1B8098B700 /* StreakCard.swift */,
			);
			path = Dashboard;
			sourceTree = "<group>";
		};
		141F5AF603878C626F77B3E0 /* Products */ = {
			isa = PBXGroup;
			children = (
				8091B3758F01D00F081CE0AE /* LeetCodeLytics.app */,
				B30AAB5A2E0857B89ECF1D35 /* LeetCodeLyticsTests.xctest */,
				16E8AC80A216399551C429C5 /* LeetCodeLyticsWidget.appex */,
			);
			name = Products;
			sourceTree = "<group>";
		};
		1B1E07C2D0A71EEEAE0DBAA4 /* LeetCodeLyticsWidget */ = {
			isa = PBXGroup;
			children = (
				1CEDC8F6A9466BE9C64DB2F6 /* Info.plist */,
				139A2E343CA16683AB177C86 /* LeetCodeLyticsWidget.entitlements */,
				B7B221AD80EEB4C9064AFA41 /* LeetCodeLyticsWidget.swift */,
				6F5B3AB78F430D1F1084BA64 /* Provider.swift */,
				F169B7529278FB7F054BD367 /* WidgetFetcher.swift */,
				AADA60A57310D314E559746A /* WidgetViews.swift */,
			);
			path = LeetCodeLyticsWidget;
			sourceTree = "<group>";
		};
		1D34C9378E21E4DD7762E711 /* Settings */ = {
			isa = PBXGroup;
			children = (
				7FFFEB249A0448DA815D090D /* SettingsView.swift */,
			);
			path = Settings;
			sourceTree = "<group>";
		};
		1FE755CF8A0011AE5B1E33CB /* Services */ = {
			isa = PBXGroup;
			children = (
				604ED9B40827E40C1293A725 /* CacheService.swift */,
				0846E96775F74E82CC9F504A /* LeetCodeService.swift */,
				BFB141D4B1A6D8AF6CD51774 /* LeetCodeServiceProtocol.swift */,
			);
			path = Services;
			sourceTree = "<group>";
		};
		211FCE485C46C526E08BA9A7 /* Skills */ = {
			isa = PBXGroup;
			children = (
				0CD1EA93B40F3BEFEFFE6591 /* SkillsView.swift */,
			);
			path = Skills;
			sourceTree = "<group>";
		};
		29DCE6E34FB17909D5F65641 = {
			isa = PBXGroup;
			children = (
				B4B9F4C2CD78C8CCE1D1F4A9 /* LeetCodeLytics */,
				7CA41EA2FA54EAFA06A4C964 /* LeetCodeLyticsTests */,
				1B1E07C2D0A71EEEAE0DBAA4 /* LeetCodeLyticsWidget */,
				7EC20A7F421EEFCFFB19899F /* Shared */,
				612BF84A531BAB621626E733 /* Frameworks */,
				141F5AF603878C626F77B3E0 /* Products */,
			);
			sourceTree = "<group>";
		};
		34E3D55FD9AADE20A54765F1 /* Submissions */ = {
			isa = PBXGroup;
			children = (
				CCBC3F9BDD59DCCF39A14E5F /* SubmissionsView.swift */,
			);
			path = Submissions;
			sourceTree = "<group>";
		};
		3794C94BAB1ED2CCE52F32A4 /* Mocks */ = {
			isa = PBXGroup;
			children = (
				FD5EE5CA3A07A94EC5DF7F81 /* MockLeetCodeService.swift */,
				BD725F36267A1AEF24F3ADCF /* MockURLProtocol.swift */,
			);
			path = Mocks;
			sourceTree = "<group>";
		};
		5AED65B81D9FA87F13089FE7 /* ViewModels */ = {
			isa = PBXGroup;
			children = (
				FA312EF7A00BA6F40AE8F712 /* DashboardViewModel.swift */,
				C0CEF701BD6752171DA05E33 /* SkillsViewModel.swift */,
				29ED7F611F6F56F74A131043 /* SubmissionsViewModel.swift */,
			);
			path = ViewModels;
			sourceTree = "<group>";
		};
		612BF84A531BAB621626E733 /* Frameworks */ = {
			isa = PBXGroup;
			children = (
				23FDB83AAE432C575DF495C6 /* SwiftUI.framework */,
				C3267095FFEA4DD1F5EC8081 /* WidgetKit.framework */,
			);
			name = Frameworks;
			sourceTree = "<group>";
		};
		642FAE2172B596CA0C5BA35E /* Calendar */ = {
			isa = PBXGroup;
			children = (
				618BB55A3DD1ED16EBDAC152 /* HeatmapGridView.swift */,
			);
			path = Calendar;
			sourceTree = "<group>";
		};
		7CA41EA2FA54EAFA06A4C964 /* LeetCodeLyticsTests */ = {
			isa = PBXGroup;
			children = (
				EB8C2F0D8BA25C6813291FA6 /* CacheServiceTests.swift */,
				5ACB8C87B69AE247B714A33C /* DashboardViewModelTests.swift */,
				2EF396D6B7807A436FC8F31F /* InfoPlistTests.swift */,
				E2105C633CA3926840004D07 /* LeetCodeServiceExecuteTests.swift */,
				7FA99A1BC43AD2CB59F567B1 /* MemoryLeakTests.swift */,
				7712A1E2D71F2AD5694FD624 /* ModelDecodeTests.swift */,
				1E7909EDD5AC67B42051262F /* SkillsViewModelTests.swift */,
				213A365B6947F6A26B7D3CE2 /* StreakCalculatorTests.swift */,
				F438D4D1ABA42D71A437279D /* SubmissionCalendarTests.swift */,
				9C4C19AC87A567787317A0FE /* SubmissionsViewModelTests.swift */,
				FD630E4D23A7F1A8C8BC67FA /* WidgetDataTests.swift */,
				3794C94BAB1ED2CCE52F32A4 /* Mocks */,
			);
			path = LeetCodeLyticsTests;
			sourceTree = "<group>";
		};
		7EC20A7F421EEFCFFB19899F /* Shared */ = {
			isa = PBXGroup;
			children = (
				D12761C3A55B50E41ABE7C86 /* ColorExtension.swift */,
				790280535BDF4EA5FB1DAF03 /* SharedAssets.xcassets */,
				9984A531A90ADCAFD149E62B /* StreakCalculator.swift */,
				BA718B05A3B185F993F20499 /* SubmissionCalendar.swift */,
				DE6F9714FC7B58DC90A0DA19 /* WidgetData.swift */,
			);
			path = Shared;
			sourceTree = "<group>";
		};
		9BDA4CB376830221B9AEE3A4 /* App */ = {
			isa = PBXGroup;
			children = (
				42D745303C32094A541A27A4 /* AppGroup.swift */,
				985151837D8C869E394F8C49 /* ContentView.swift */,
				4F5737B1A9BE662B31710637 /* LeetCodeLyticsApp.swift */,
			);
			path = App;
			sourceTree = "<group>";
		};
		B4B9F4C2CD78C8CCE1D1F4A9 /* LeetCodeLytics */ = {
			isa = PBXGroup;
			children = (
				60CF14E502F59D834FFCE0CA /* Assets.xcassets */,
				B2A23A40A2EFDC1BBFFEE140 /* Info.plist */,
				7E30AF26D5DAA1C80B4F9F27 /* LeetCodeLytics.entitlements */,
				9BDA4CB376830221B9AEE3A4 /* App */,
				CD5D11A2010AEF3E5E8F3646 /* Models */,
				1FE755CF8A0011AE5B1E33CB /* Services */,
				5AED65B81D9FA87F13089FE7 /* ViewModels */,
				F12A220FC335006B526782FB /* Views */,
			);
			path = LeetCodeLytics;
			sourceTree = "<group>";
		};
		CD5D11A2010AEF3E5E8F3646 /* Models */ = {
			isa = PBXGroup;
			children = (
				7B2528FC72FE6E19DFC96FED /* LanguageStats.swift */,
				2EFF6655AA59550F7AD5EF5A /* RecentSubmission.swift */,
				114FBE444C138C0AA60ED04F /* StreakData.swift */,
				978492C53A4CF11DAE76BDEB /* UserProfile.swift */,
			);
			path = Models;
			sourceTree = "<group>";
		};
		E55DA6AB0A13035FB14E4F49 /* Onboarding */ = {
			isa = PBXGroup;
			children = (
				4CB6CE1D675F3335287CB387 /* UsernameInputView.swift */,
			);
			path = Onboarding;
			sourceTree = "<group>";
		};
		F12A220FC335006B526782FB /* Views */ = {
			isa = PBXGroup;
			children = (
				642FAE2172B596CA0C5BA35E /* Calendar */,
				1350C888682685E4B8A9ACD0 /* Dashboard */,
				E55DA6AB0A13035FB14E4F49 /* Onboarding */,
				1D34C9378E21E4DD7762E711 /* Settings */,
				211FCE485C46C526E08BA9A7 /* Skills */,
				34E3D55FD9AADE20A54765F1 /* Submissions */,
			);
			path = Views;
			sourceTree = "<group>";
		};
/* End PBXGroup section */

/* Begin PBXNativeTarget section */
		E1382454C901CB31E161BBD4 /* LeetCodeLyticsWidget */ = {
			isa = PBXNativeTarget;
			buildConfigurationList = 0340B04D4FC1ED3B55C6FE9B /* Build configuration list for PBXNativeTarget "LeetCodeLyticsWidget" */;
			buildPhases = (
				D752E6D3AA648363520FE8F5 /* Sources */,
				7F5E5B1162D221A3E84A9B8B /* Resources */,
				630E20A15A8C626052B8B411 /* Frameworks */,
			);
			buildRules = (
			);
			dependencies = (
			);
			name = LeetCodeLyticsWidget;
			packageProductDependencies = (
			);
			productName = LeetCodeLyticsWidget;
			productReference = 16E8AC80A216399551C429C5 /* LeetCodeLyticsWidget.appex */;
			productType = "com.apple.product-type.app-extension";
		};
		ED7A2F841D587FADB7810473 /* LeetCodeLyticsTests */ = {
			isa = PBXNativeTarget;
			buildConfigurationList = D4BE12C4EBF22A0707DB6F92 /* Build configuration list for PBXNativeTarget "LeetCodeLyticsTests" */;
			buildPhases = (
				468D67EAC91ED620C920AFC1 /* Sources */,
			);
			buildRules = (
			);
			dependencies = (
				FE30BCAA708576B149498EDC /* PBXTargetDependency */,
			);
			name = LeetCodeLyticsTests;
			packageProductDependencies = (
			);
			productName = LeetCodeLyticsTests;
			productReference = B30AAB5A2E0857B89ECF1D35 /* LeetCodeLyticsTests.xctest */;
			productType = "com.apple.product-type.bundle.unit-test";
		};
		F3D565F3E8A5C72472135CC4 /* LeetCodeLytics */ = {
			isa = PBXNativeTarget;
			buildConfigurationList = E3045119D07C147A21398B20 /* Build configuration list for PBXNativeTarget "LeetCodeLytics" */;
			buildPhases = (
				5DF57E46003857D469D79CAD /* Sources */,
				6FD695216B94911BE7C4FF2B /* Resources */,
				9F8E193836B8083C3EE0B120 /* Frameworks */,
				B255DEECFD3396EBCDBE5C2D /* Embed Foundation Extensions */,
			);
			buildRules = (
			);
			dependencies = (
				9E86A1EC6F838F1206C0D4D5 /* PBXTargetDependency */,
			);
			name = LeetCodeLytics;
			packageProductDependencies = (
			);
			productName = LeetCodeLytics;
			productReference = 8091B3758F01D00F081CE0AE /* LeetCodeLytics.app */;
			productType = "com.apple.product-type.application";
		};
/* End PBXNativeTarget section */

/* Begin PBXProject section */
		650B9E59F290B63B9CE60569 /* Project object */ = {
			isa = PBXProject;
			attributes = {
				BuildIndependentTargetsInParallel = YES;
				LastUpgradeCheck = 1430;
			};
			buildConfigurationList = 9B5A44B955CB060C0E1907E7 /* Build configuration list for PBXProject "LeetCodeLytics" */;
			compatibilityVersion = "Xcode 14.0";
			developmentRegion = en;
			hasScannedForEncodings = 0;
			knownRegions = (
				Base,
				en,
			);
			mainGroup = 29DCE6E34FB17909D5F65641;
			minimizedProjectReferenceProxies = 1;
			preferredProjectObjectVersion = 77;
			projectDirPath = "";
			projectRoot = "";
			targets = (
				F3D565F3E8A5C72472135CC4 /* LeetCodeLytics */,
				ED7A2F841D587FADB7810473 /* LeetCodeLyticsTests */,
				E1382454C901CB31E161BBD4 /* LeetCodeLyticsWidget */,
			);
		};
/* End PBXProject section */

/* Begin PBXResourcesBuildPhase section */
		6FD695216B94911BE7C4FF2B /* Resources */ = {
			isa = PBXResourcesBuildPhase;
			buildActionMask = 2147483647;
			files = (
				F7C72691EEA8F62DAC275661 /* Assets.xcassets in Resources */,
				0CD3CF219E992BE637C09939 /* SharedAssets.xcassets in Resources */,
			);
			runOnlyForDeploymentPostprocessing = 0;
		};
		7F5E5B1162D221A3E84A9B8B /* Resources */ = {
			isa = PBXResourcesBuildPhase;
			buildActionMask = 2147483647;
			files = (
				BA19319DE46C54914D01FAEB /* SharedAssets.xcassets in Resources */,
			);
			runOnlyForDeploymentPostprocessing = 0;
		};
/* End PBXResourcesBuildPhase section */

/* Begin PBXSourcesBuildPhase section */
		468D67EAC91ED620C920AFC1 /* Sources */ = {
			isa = PBXSourcesBuildPhase;
			buildActionMask = 2147483647;
			files = (
				CBADC14635EB9B838B4F7FD1 /* CacheServiceTests.swift in Sources */,
				9F49B1204302688D427F5780 /* DashboardViewModelTests.swift in Sources */,
				551CA87E042FFFA67A03A8AC /* InfoPlistTests.swift in Sources */,
				5FBDFB1DB417E89D714535E7 /* LeetCodeServiceExecuteTests.swift in Sources */,
				798A4E4C26162BEACE3680E1 /* MemoryLeakTests.swift in Sources */,
				E827EF765786C7FDC42762A3 /* MockLeetCodeService.swift in Sources */,
				03660B3E8AEF927A3DD4B435 /* MockURLProtocol.swift in Sources */,
				DE493B2F299518150E9BE7CE /* ModelDecodeTests.swift in Sources */,
				B0EB9462C9741F903B0D38DC /* SkillsViewModelTests.swift in Sources */,
				6F7C7F242359D5758FF0C059 /* StreakCalculatorTests.swift in Sources */,
				C4112AB635FD56F134573910 /* SubmissionCalendarTests.swift in Sources */,
				1A0B262BE95875F8A97DE686 /* SubmissionsViewModelTests.swift in Sources */,
				96943546E97FF93AEF546E39 /* WidgetDataTests.swift in Sources */,
			);
			runOnlyForDeploymentPostprocessing = 0;
		};
		5DF57E46003857D469D79CAD /* Sources */ = {
			isa = PBXSourcesBuildPhase;
			buildActionMask = 2147483647;
			files = (
				C09E36F997EF804513873D82 /* AcceptanceRateView.swift in Sources */,
				18D1E0D81A1B59DEF4EB7955 /* AppGroup.swift in Sources */,
				370278EAEEF9C8C954AAD9D5 /* CacheService.swift in Sources */,
				AF848C91ED5011CA2B87CC98 /* ColorExtension.swift in Sources */,
				5F9CD1FA3A5C3F3A438C6A65 /* ContentView.swift in Sources */,
				D7AF01E816776FE2812C3C3E /* DashboardView.swift in Sources */,
				EB8DCA0747E14F760E835FCE /* DashboardViewModel.swift in Sources */,
				15AD69117D0671250AA04FF1 /* HeatmapGridView.swift in Sources */,
				9BB474E988D378A516907A2C /* LanguageStats.swift in Sources */,
				B99EF1B70B71573979BEA00B /* LeetCodeLyticsApp.swift in Sources */,
				DCB75E1FE0296DD1E0714928 /* LeetCodeService.swift in Sources */,
				1AB08FABA4780B9F5B947955 /* LeetCodeServiceProtocol.swift in Sources */,
				B25134BD1F09C61CE4EC9333 /* ProblemStatsCard.swift in Sources */,
				402BC5C80F413D669749CF63 /* ProfileHeaderView.swift in Sources */,
				EF419B243A36E0C7E60BFA35 /* RecentSubmission.swift in Sources */,
				BA6755F80E1EEDAF4A9A41C2 /* SettingsView.swift in Sources */,
				239FC7A6D1E1BA1578BAF5B5 /* SkillsView.swift in Sources */,
				7DCEB6A2B97CFDCF276F3D34 /* SkillsViewModel.swift in Sources */,
				6775663F3B3A7F20ED30562E /* StreakCalculator.swift in Sources */,
				AF0B6489CA845FD233673A73 /* StreakCard.swift in Sources */,
				374BAD2284E978AD0F0DF276 /* StreakData.swift in Sources */,
				A9A07119885B2529EB55C277 /* SubmissionCalendar.swift in Sources */,
				7D3C0644CF63753FCE2E1FEE /* SubmissionsView.swift in Sources */,
				70F362FF25A2848C4FACA8ED /* SubmissionsViewModel.swift in Sources */,
				0A960C72D81C427E7A7AFCEA /* UserProfile.swift in Sources */,
				EDADA1617D66437B7BFD83B7 /* UsernameInputView.swift in Sources */,
				8681BB1E1CAF54C07B536A19 /* WidgetData.swift in Sources */,
			);
			runOnlyForDeploymentPostprocessing = 0;
		};
		D752E6D3AA648363520FE8F5 /* Sources */ = {
			isa = PBXSourcesBuildPhase;
			buildActionMask = 2147483647;
			files = (
				5F6DFE9D52D8F0D8DC5E7B02 /* ColorExtension.swift in Sources */,
				870B08BFF737C2CDE26BCB5E /* LeetCodeLyticsWidget.swift in Sources */,
				47AC2A9B64A732A45860E92B /* Provider.swift in Sources */,
				BB249EBB1603BEAD119E19C5 /* StreakCalculator.swift in Sources */,
				A46E586A7B8303F347E52C17 /* SubmissionCalendar.swift in Sources */,
				EEEC76DAE5CFBB64A345A1C8 /* WidgetData.swift in Sources */,
				180CA55704A4F1441AC0288E /* WidgetFetcher.swift in Sources */,
				0A2AB8F05F5B1429CA895C1C /* WidgetViews.swift in Sources */,
			);
			runOnlyForDeploymentPostprocessing = 0;
		};
/* End PBXSourcesBuildPhase section */

/* Begin PBXTargetDependency section */
		9E86A1EC6F838F1206C0D4D5 /* PBXTargetDependency */ = {
			isa = PBXTargetDependency;
			target = E1382454C901CB31E161BBD4 /* LeetCodeLyticsWidget */;
			targetProxy = 1DB0561265D45F933B041F90 /* PBXContainerItemProxy */;
		};
		FE30BCAA708576B149498EDC /* PBXTargetDependency */ = {
			isa = PBXTargetDependency;
			target = F3D565F3E8A5C72472135CC4 /* LeetCodeLytics */;
			targetProxy = B392DDBB6CA0FF44AE26BC69 /* PBXContainerItemProxy */;
		};
/* End PBXTargetDependency section */

/* Begin XCBuildConfiguration section */
		120116AAF2F251E88C53E59E /* Release */ = {
			isa = XCBuildConfiguration;
			buildSettings = {
				CODE_SIGN_ENTITLEMENTS = LeetCodeLyticsWidget/LeetCodeLyticsWidget.entitlements;
				CURRENT_PROJECT_VERSION = 1;
				INFOPLIST_FILE = LeetCodeLyticsWidget/Info.plist;
				LD_RUNPATH_SEARCH_PATHS = (
					"$(inherited)",
					"@executable_path/Frameworks",
					"@executable_path/../../Frameworks",
				);
				MARKETING_VERSION = 2.1.0;
				PRODUCT_BUNDLE_IDENTIFIER = com.leetcodelytics.app.widget;
				SDKROOT = iphoneos;
				SKIP_INSTALL = YES;
				TARGETED_DEVICE_FAMILY = "1,2";
			};
			name = Release;
		};
		227D1BC1B6AC72C9E1B6EE7D /* Debug */ = {
			isa = XCBuildConfiguration;
			buildSettings = {
				CODE_SIGN_ENTITLEMENTS = LeetCodeLyticsWidget/LeetCodeLyticsWidget.entitlements;
				CURRENT_PROJECT_VERSION = 1;
				INFOPLIST_FILE = LeetCodeLyticsWidget/Info.plist;
				LD_RUNPATH_SEARCH_PATHS = (
					"$(inherited)",
					"@executable_path/Frameworks",
					"@executable_path/../../Frameworks",
				);
				MARKETING_VERSION = 2.1.0;
				PRODUCT_BUNDLE_IDENTIFIER = com.leetcodelytics.app.widget;
				SDKROOT = iphoneos;
				SKIP_INSTALL = YES;
				TARGETED_DEVICE_FAMILY = "1,2";
			};
			name = Debug;
		};
		2FD09E1B9BC936D3BAC026D5 /* Release */ = {
			isa = XCBuildConfiguration;
			buildSettings = {
				ALWAYS_SEARCH_USER_PATHS = NO;
				CLANG_ANALYZER_NONNULL = YES;
				CLANG_ANALYZER_NUMBER_OBJECT_CONVERSION = YES_AGGRESSIVE;
				CLANG_CXX_LANGUAGE_STANDARD = "gnu++14";
				CLANG_CXX_LIBRARY = "libc++";
				CLANG_ENABLE_MODULES = YES;
				CLANG_ENABLE_OBJC_ARC = YES;
				CLANG_ENABLE_OBJC_WEAK = YES;
				CLANG_WARN_BLOCK_CAPTURE_AUTORELEASING = YES;
				CLANG_WARN_BOOL_CONVERSION = YES;
				CLANG_WARN_COMMA = YES;
				CLANG_WARN_CONSTANT_CONVERSION = YES;
				CLANG_WARN_DEPRECATED_OBJC_IMPLEMENTATIONS = YES;
				CLANG_WARN_DIRECT_OBJC_ISA_USAGE = YES_ERROR;
				CLANG_WARN_DOCUMENTATION_COMMENTS = YES;
				CLANG_WARN_EMPTY_BODY = YES;
				CLANG_WARN_ENUM_CONVERSION = YES;
				CLANG_WARN_INFINITE_RECURSION = YES;
				CLANG_WARN_INT_CONVERSION = YES;
				CLANG_WARN_NON_LITERAL_NULL_CONVERSION = YES;
				CLANG_WARN_OBJC_IMPLICIT_RETAIN_SELF = YES;
				CLANG_WARN_OBJC_LITERAL_CONVERSION = YES;
				CLANG_WARN_OBJC_ROOT_CLASS = YES_ERROR;
				CLANG_WARN_QUOTED_INCLUDE_IN_FRAMEWORK_HEADER = YES;
				CLANG_WARN_RANGE_LOOP_ANALYSIS = YES;
				CLANG_WARN_STRICT_PROTOTYPES = YES;
				CLANG_WARN_SUSPICIOUS_MOVE = YES;
				CLANG_WARN_UNGUARDED_AVAILABILITY = YES_AGGRESSIVE;
				CLANG_WARN_UNREACHABLE_CODE = YES;
				CLANG_WARN__DUPLICATE_METHOD_MATCH = YES;
				COPY_PHASE_STRIP = NO;
				DEBUG_INFORMATION_FORMAT = "dwarf-with-dsym";
				ENABLE_NS_ASSERTIONS = NO;
				ENABLE_STRICT_OBJC_MSGSEND = YES;
				GCC_C_LANGUAGE_STANDARD = gnu11;
				GCC_NO_COMMON_BLOCKS = YES;
				GCC_WARN_64_TO_32_BIT_CONVERSION = YES;
				GCC_WARN_ABOUT_RETURN_TYPE = YES_ERROR;
				GCC_WARN_UNDECLARED_SELECTOR = YES;
				GCC_WARN_UNINITIALIZED_AUTOS = YES_AGGRESSIVE;
				GCC_WARN_UNUSED_FUNCTION = YES;
				GCC_WARN_UNUSED_VARIABLE = YES;
				IPHONEOS_DEPLOYMENT_TARGET = 17.0;
				MTL_ENABLE_DEBUG_INFO = NO;
				MTL_FAST_MATH = YES;
				PRODUCT_NAME = "$(TARGET_NAME)";
				SDKROOT = iphoneos;
				SWIFT_COMPILATION_MODE = wholemodule;
				SWIFT_OPTIMIZATION_LEVEL = "-O";
				SWIFT_VERSION = 5.9;
			};
			name = Release;
		};
		4728A94735BB807E6E481222 /* Debug */ = {
			isa = XCBuildConfiguration;
			buildSettings = {
				ASSETCATALOG_COMPILER_APPICON_NAME = AppIcon;
				ASSETCATALOG_COMPILER_GLOBAL_ACCENT_COLOR_NAME = AccentColor;
				CODE_SIGN_ENTITLEMENTS = LeetCodeLytics/LeetCodeLytics.entitlements;
				CODE_SIGN_IDENTITY = "iPhone Developer";
				CURRENT_PROJECT_VERSION = 1;
				ENABLE_TESTABILITY = YES;
				INFOPLIST_FILE = LeetCodeLytics/Info.plist;
				LD_RUNPATH_SEARCH_PATHS = (
					"$(inherited)",
					"@executable_path/Frameworks",
				);
				MARKETING_VERSION = 2.1.0;
				PRODUCT_BUNDLE_IDENTIFIER = com.leetcodelytics.app;
				SDKROOT = iphoneos;
				TARGETED_DEVICE_FAMILY = "1,2";
			};
			name = Debug;
		};
		A1C9729AC6727AD8A58E0939 /* Release */ = {
			isa = XCBuildConfiguration;
			buildSettings = {
				BUNDLE_LOADER = "$(TEST_HOST)";
				GENERATE_INFOPLIST_FILE = YES;
				LD_RUNPATH_SEARCH_PATHS = (
					"$(inherited)",
					"@executable_path/Frameworks",
					"@loader_path/Frameworks",
				);
				PRODUCT_BUNDLE_IDENTIFIER = com.leetcodelytics.app.tests;
				SDKROOT = iphoneos;
				TARGETED_DEVICE_FAMILY = "1,2";
				TEST_HOST = "$(BUILT_PRODUCTS_DIR)/LeetCodeLytics.app/LeetCodeLytics";
			};
			name = Release;
		};
		A799F13A79EEEA6E50C5651B /* Debug */ = {
			isa = XCBuildConfiguration;
			buildSettings = {
				BUNDLE_LOADER = "$(TEST_HOST)";
				GENERATE_INFOPLIST_FILE = YES;
				LD_RUNPATH_SEARCH_PATHS = (
					"$(inherited)",
					"@executable_path/Frameworks",
					"@loader_path/Frameworks",
				);
				PRODUCT_BUNDLE_IDENTIFIER = com.leetcodelytics.app.tests;
				SDKROOT = iphoneos;
				TARGETED_DEVICE_FAMILY = "1,2";
				TEST_HOST = "$(BUILT_PRODUCTS_DIR)/LeetCodeLytics.app/LeetCodeLytics";
			};
			name = Debug;
		};
		B13E7576871C47BA9603B09B /* Debug */ = {
			isa = XCBuildConfiguration;
			buildSettings = {
				ALWAYS_SEARCH_USER_PATHS = NO;
				CLANG_ANALYZER_NONNULL = YES;
				CLANG_ANALYZER_NUMBER_OBJECT_CONVERSION = YES_AGGRESSIVE;
				CLANG_CXX_LANGUAGE_STANDARD = "gnu++14";
				CLANG_CXX_LIBRARY = "libc++";
				CLANG_ENABLE_MODULES = YES;
				CLANG_ENABLE_OBJC_ARC = YES;
				CLANG_ENABLE_OBJC_WEAK = YES;
				CLANG_WARN_BLOCK_CAPTURE_AUTORELEASING = YES;
				CLANG_WARN_BOOL_CONVERSION = YES;
				CLANG_WARN_COMMA = YES;
				CLANG_WARN_CONSTANT_CONVERSION = YES;
				CLANG_WARN_DEPRECATED_OBJC_IMPLEMENTATIONS = YES;
				CLANG_WARN_DIRECT_OBJC_ISA_USAGE = YES_ERROR;
				CLANG_WARN_DOCUMENTATION_COMMENTS = YES;
				CLANG_WARN_EMPTY_BODY = YES;
				CLANG_WARN_ENUM_CONVERSION = YES;
				CLANG_WARN_INFINITE_RECURSION = YES;
				CLANG_WARN_INT_CONVERSION = YES;
				CLANG_WARN_NON_LITERAL_NULL_CONVERSION = YES;
				CLANG_WARN_OBJC_IMPLICIT_RETAIN_SELF = YES;
				CLANG_WARN_OBJC_LITERAL_CONVERSION = YES;
				CLANG_WARN_OBJC_ROOT_CLASS = YES_ERROR;
				CLANG_WARN_QUOTED_INCLUDE_IN_FRAMEWORK_HEADER = YES;
				CLANG_WARN_RANGE_LOOP_ANALYSIS = YES;
				CLANG_WARN_STRICT_PROTOTYPES = YES;
				CLANG_WARN_SUSPICIOUS_MOVE = YES;
				CLANG_WARN_UNGUARDED_AVAILABILITY = YES_AGGRESSIVE;
				CLANG_WARN_UNREACHABLE_CODE = YES;
				CLANG_WARN__DUPLICATE_METHOD_MATCH = YES;
				COPY_PHASE_STRIP = NO;
				DEBUG_INFORMATION_FORMAT = dwarf;
				ENABLE_STRICT_OBJC_MSGSEND = YES;
				ENABLE_TESTABILITY = YES;
				GCC_C_LANGUAGE_STANDARD = gnu11;
				GCC_DYNAMIC_NO_PIC = NO;
				GCC_NO_COMMON_BLOCKS = YES;
				GCC_OPTIMIZATION_LEVEL = 0;
				GCC_PREPROCESSOR_DEFINITIONS = (
					"$(inherited)",
					"DEBUG=1",
				);
				GCC_WARN_64_TO_32_BIT_CONVERSION = YES;
				GCC_WARN_ABOUT_RETURN_TYPE = YES_ERROR;
				GCC_WARN_UNDECLARED_SELECTOR = YES;
				GCC_WARN_UNINITIALIZED_AUTOS = YES_AGGRESSIVE;
				GCC_WARN_UNUSED_FUNCTION = YES;
				GCC_WARN_UNUSED_VARIABLE = YES;
				IPHONEOS_DEPLOYMENT_TARGET = 17.0;
				MTL_ENABLE_DEBUG_INFO = INCLUDE_SOURCE;
				MTL_FAST_MATH = YES;
				ONLY_ACTIVE_ARCH = YES;
				PRODUCT_NAME = "$(TARGET_NAME)";
				SDKROOT = iphoneos;
				SWIFT_ACTIVE_COMPILATION_CONDITIONS = DEBUG;
				SWIFT_OPTIMIZATION_LEVEL = "-Onone";
				SWIFT_VERSION = 5.9;
			};
			name = Debug;
		};
		CB676B2E5D9DACB8B8BCDB4F /* Release */ = {
			isa = XCBuildConfiguration;
			buildSettings = {
				ASSETCATALOG_COMPILER_APPICON_NAME = AppIcon;
				ASSETCATALOG_COMPILER_GLOBAL_ACCENT_COLOR_NAME = AccentColor;
				CODE_SIGN_ENTITLEMENTS = LeetCodeLytics/LeetCodeLytics.entitlements;
				CODE_SIGN_IDENTITY = "iPhone Developer";
				CURRENT_PROJECT_VERSION = 1;
				ENABLE_TESTABILITY = YES;
				INFOPLIST_FILE = LeetCodeLytics/Info.plist;
				LD_RUNPATH_SEARCH_PATHS = (
					"$(inherited)",
					"@executable_path/Frameworks",
				);
				MARKETING_VERSION = 2.1.0;
				PRODUCT_BUNDLE_IDENTIFIER = com.leetcodelytics.app;
				SDKROOT = iphoneos;
				TARGETED_DEVICE_FAMILY = "1,2";
			};
			name = Release;
		};
/* End XCBuildConfiguration section */

/* Begin XCConfigurationList section */
		0340B04D4FC1ED3B55C6FE9B /* Build configuration list for PBXNativeTarget "LeetCodeLyticsWidget" */ = {
			isa = XCConfigurationList;
			buildConfigurations = (
				227D1BC1B6AC72C9E1B6EE7D /* Debug */,
				120116AAF2F251E88C53E59E /* Release */,
			);
			defaultConfigurationIsVisible = 0;
			defaultConfigurationName = Debug;
		};
		9B5A44B955CB060C0E1907E7 /* Build configuration list for PBXProject "LeetCodeLytics" */ = {
			isa = XCConfigurationList;
			buildConfigurations = (
				B13E7576871C47BA9603B09B /* Debug */,
				2FD09E1B9BC936D3BAC026D5 /* Release */,
			);
			defaultConfigurationIsVisible = 0;
			defaultConfigurationName = Debug;
		};
		D4BE12C4EBF22A0707DB6F92 /* Build configuration list for PBXNativeTarget "LeetCodeLyticsTests" */ = {
			isa = XCConfigurationList;
			buildConfigurations = (
				A799F13A79EEEA6E50C5651B /* Debug */,
				A1C9729AC6727AD8A58E0939 /* Release */,
			);
			defaultConfigurationIsVisible = 0;
			defaultConfigurationName = Debug;
		};
		E3045119D07C147A21398B20 /* Build configuration list for PBXNativeTarget "LeetCodeLytics" */ = {
			isa = XCConfigurationList;
			buildConfigurations = (
				4728A94735BB807E6E481222 /* Debug */,
				CB676B2E5D9DACB8B8BCDB4F /* Release */,
			);
			defaultConfigurationIsVisible = 0;
			defaultConfigurationName = Debug;
		};
/* End XCConfigurationList section */
	};
	rootObject = 650B9E59F290B63B9CE60569 /* Project object */;
}
